# @generated by Move, please check-in and do not edit manually.

[move]
version = 2
manifest_digest = "980DAD68B6F223CC38BDABBC084C7F898E4A67AC6EB8F6DC859D0D572379A6CE"
deps_digest = "F8BBB0CCB2491CA29A3DF03D6F92277A4F3574266507ACD77214D37ECA3F3082"
dependencies = [
  { name = "Sui" },
]

[[move.package]]
name = "MoveStdlib"
source = { git = "https://github.com/MystenLabs/sui.git", rev = "framework/testnet", subdir = "crates/sui-framework/packages/move-stdlib" }

[[move.package]]
name = "Sui"
source = { git = "https://github.com/MystenLabs/sui.git", rev = "framework/testnet", subdir = "crates/sui-framework/packages/sui-framework" }

dependencies = [
  { name = "MoveStdlib" },
]

[move.toolchain-version]
compiler-version = "1.26.0"
edition = "2024.beta"
flavor = "sui"

[env]

[env.devnet]
chain-id = "b3f81552"
original-published-id = "0xda11442b5ef07b69320c44af9c28bf15a8737ea9a8cd201aadb0e4217a990a27"
latest-published-id = "0xda11442b5ef07b69320c44af9c28bf15a8737ea9a8cd201aadb0e4217a990a27"
published-version = "1"
